
Microsoft Visual Studio Solution File, Format Version 12.00
# Visual Studio Version 17
VisualStudioVersion = 17.0.32002.185
MinimumVisualStudioVersion = 10.0.40219.1
Project("{FAE04EC0-301F-11D3-BF4B-00C04F79EFBC}") = "OhHiSolver", "OhHiSolver\OhHiSolver.csproj", "{B26014B2-E06A-4745-AE0F-B5C83DFD5C0A}"
EndProject
Global
	GlobalSection(SolutionConfigurationPlatforms) = preSolution
		Debug|Any CPU = Debug|Any CPU
		Release|Any CPU = Release|Any CPU
	EndGlobalSection
	GlobalSection(ProjectConfigurationPlatforms) = postSolution
		{B26014B2-E06A-4745-AE0F-B5C83DFD5C0A}.Debug|Any CPU.ActiveCfg = Debug|Any CPU
		{B26014B2-E06A-4745-AE0F-B5C83DFD5C0A}.Debug|Any CPU.Build.0 = Debug|Any CPU
		{B26014B2-E06A-4745-AE0F-B5C83DFD5C0A}.Release|Any CPU.ActiveCfg = Release|Any CPU
		{B26014B2-E06A-4745-AE0F-B5C83DFD5C0A}.Release|Any CPU.Build.0 = Release|Any CPU
	EndGlobalSection
	GlobalSection(SolutionProperties) = preSolution
		HideSolutionNode = FALSE
	EndGlobalSection
	GlobalSection(ExtensibilityGlobals) = postSolution
		SolutionGuid = {A47577B6-11BF-4C55-B5D2-FF84C164C910}
	EndGlobalSection
EndGlobal
